// !$*UTF8*$!
{
	archiveVersion = 1;
	classes = {
	};
	objectVersion = 56;
	objects = {

/* Begin PBXBuildFile section */
		E903940B2AD167D7007C16E0 /* SwiftUiFirstTryApp.swift in Sources */ = {isa = PBXBuildFile; fileRef = E903940A2AD167D7007C16E0 /* SwiftUiFirstTryApp.swift */; };
		E903940D2AD167D7007C16E0 /* ContentView.swift in Sources */ = {isa = PBXBuildFile; fileRef = E903940C2AD167D7007C16E0 /* ContentView.swift */; };
		E903940F2AD167D8007C16E0 /* Assets.xcassets in Resources */ = {isa = PBXBuildFile; fileRef = E903940E2AD167D8007C16E0 /* Assets.xcassets */; };
		E90394122AD167D8007C16E0 /* Preview Assets.xcassets in Resources */ = {isa = PBXBuildFile; fileRef = E90394112AD167D8007C16E0 /* Preview Assets.xcassets */; };
		E9EA7B252AD1B516007C6951 /* GreenView.swift in Sources */ = {isa = PBXBuildFile; fileRef = E9EA7B242AD1B516007C6951 /* GreenView.swift */; };
		E9EA7B272AD1B522007C6951 /* YelowView.swift in Sources */ = {isa = PBXBuildFile; fileRef = E9EA7B262AD1B522007C6951 /* YelowView.swift */; };
		E9EA7B292AD1B534007C6951 /* RedView.swift in Sources */ = {isa = PBXBuildFile; fileRef = E9EA7B282AD1B534007C6951 /* RedView.swift */; };
/* End PBXBuildFile section */

/* Begin PBXFileReference section */
		E90394072AD167D6007C16E0 /* SwiftUiFirstTry.app */ = {isa = PBXFileReference; explicitFileType = wrapper.application; includeInIndex = 0; path = SwiftUiFirstTry.app; sourceTree = BUILT_PRODUCTS_DIR; };
		E903940A2AD167D7007C16E0 /* SwiftUiFirstTryApp.swift */ = {isa = PBXFileReference; lastKnownFileType = sourcecode.swift; path = SwiftUiFirstTryApp.swift; sourceTree = "<group>"; };
		E903940C2AD167D7007C16E0 /* ContentView.swift */ = {isa = PBXFileReference; lastKnownFileType = sourcecode.swift; path = ContentView.swift; sourceTree = "<group>"; };
		E903940E2AD167D8007C16E0 /* Assets.xcassets */ = {isa = PBXFileReference; lastKnownFileType = folder.assetcatalog; path = Assets.xcassets; sourceTree = "<group>"; };
		E90394112AD167D8007C16E0 /* Preview Assets.xcassets */ = {isa = PBXFileReference; lastKnownFileType = folder.assetcatalog; path = "Preview Assets.xcassets"; sourceTree = "<group>"; };
		E9EA7B242AD1B516007C6951 /* GreenView.swift */ = {isa = PBXFileReference; lastKnownFileType = sourcecode.swift; path = GreenView.swift; sourceTree = "<group>"; };
		E9EA7B262AD1B522007C6951 /* YelowView.swift */ = {isa = PBXFileReference; lastKnownFileType = sourcecode.swift; path = YelowView.swift; sourceTree = "<group>"; };
		E9EA7B282AD1B534007C6951 /* RedView.swift */ = {isa = PBXFileReference; lastKnownFileType = sourcecode.swift; path = RedView.swift; sourceTree = "<group>"; };
/* End PBXFileReference section */

/* Begin PBXFrameworksBuildPhase section */
		E90394042AD167D6007C16E0 /* Frameworks */ = {
			isa = PBXFrameworksBuildPhase;
			buildActionMask = 2147483647;
			files = (
			);
			runOnlyForDeploymentPostprocessing = 0;
		};
/* End PBXFrameworksBuildPhase section */

/* Begin PBXGroup section */
		E90393FE2AD167D6007C16E0 = {
			isa = PBXGroup;
			children = (
				E90394092AD167D6007C16E0 /* SwiftUiFirstTry */,
				E90394082AD167D6007C16E0 /* Products */,
			);
			sourceTree = "<group>";
		};
		E90394082AD167D6007C16E0 /* Products */ = {
			isa = PBXGroup;
			children = (
				E90394072AD167D6007C16E0 /* SwiftUiFirstTry.app */,
			);
			name = Products;
			sourceTree = "<group>";
		};
		E90394092AD167D6007C16E0 /* SwiftUiFirstTry */ = {
			isa = PBXGroup;
			children = (
				E903940A2AD167D7007C16E0 /* SwiftUiFirstTryApp.swift */,
				E903940C2AD167D7007C16E0 /* ContentView.swift */,
				E9EA7B2A2AD1B6F7007C6951 /* ColoredViews */,
				E903940E2AD167D8007C16E0 /* Assets.xcassets */,
				E90394102AD167D8007C16E0 /* Preview Content */,
			);
			path = SwiftUiFirstTry;
			sourceTree = "<group>";
		};
		E90394102AD167D8007C16E0 /* Preview Content */ = {
			isa = PBXGroup;
			children = (
				E90394112AD167D8007C16E0 /* Preview Assets.xcassets */,
			);
			path = "Preview Content";
			sourceTree = "<group>";
		};
		E9EA7B2A2AD1B6F7007C6951 /* ColoredViews */ = {
			isa = PBXGroup;
			children = (
				E9EA7B282AD1B534007C6951 /* RedView.swift */,
				E9EA7B262AD1B522007C6951 /* YelowView.swift */,
				E9EA7B242AD1B516007C6951 /* GreenView.swift */,
			);
			path = ColoredViews;
			sourceTree = "<group>";
		};
/* End PBXGroup section */

/* Begin PBXNativeTarget section */
		E90394062AD167D6007C16E0 /* SwiftUiFirstTry */ = {
			isa = PBXNativeTarget;
			buildConfigurationList = E90394152AD167D8007C16E0 /* Build configuration list for PBXNativeTarget "SwiftUiFirstTry" */;
			buildPhases = (
				E90394032AD167D6007C16E0 /* Sources */,
				E90394042AD167D6007C16E0 /* Frameworks */,
				E90394052AD167D6007C16E0 /* Resources */,
			);
			buildRules = (
			);
			dependencies = (
			);
			name = SwiftUiFirstTry;
			productName = SwiftUiFirstTry;
			productReference = E90394072AD167D6007C16E0 /* SwiftUiFirstTry.app */;
			productType = "com.apple.product-type.application";
		};
/* End PBXNativeTarget section */

/* Begin PBXProject section */
		E90393FF2AD167D6007C16E0 /* Project object */ = {
			isa = PBXProject;
			attributes = {
				BuildIndependentTargetsInParallel = 1;
				LastSwiftUpdateCheck = 1430;
				LastUpgradeCheck = 1430;
				TargetAttributes = {
					E90394062AD167D6007C16E0 = {
						CreatedOnToolsVersion = 14.3;
					};
				};
			};
			buildConfigurationList = E90394022AD167D6007C16E0 /* Build configuration list for PBXProject "SwiftUiFirstTry" */;
			compatibilityVersion = "Xcode 14.0";
			developmentRegion = en;
			hasScannedForEncodings = 0;
			knownRegions = (
				en,
				Base,
			);
			mainGroup = E90393FE2AD167D6007C16E0;
			productRefGroup = E90394082AD167D6007C16E0 /* Products */;
			projectDirPath = "";
			projectRoot = "";
			targets = (
				E90394062AD167D6007C16E0 /* SwiftUiFirstTry */,
			);
		};
/* End PBXProject section */

/* Begin PBXResourcesBuildPhase section */
		E90394052AD167D6007C16E0 /* Resources */ = {
			isa = PBXResourcesBuildPhase;
			buildActionMask = 2147483647;
			files = (
				E90394122AD167D8007C16E0 /* Preview Assets.xcassets in Resources */,
				E903940F2AD167D8007C16E0 /* Assets.xcassets in Resources */,
			);
			runOnlyForDeploymentPostprocessing = 0;
		};
/* End PBXResourcesBuildPhase section */

/* Begin PBXSourcesBuildPhase section */
		E90394032AD167D6007C16E0 /* Sources */ = {
			isa = PBXSourcesBuildPhase;
			buildActionMask = 2147483647;
			files = (
				E9EA7B252AD1B516007C6951 /* GreenView.swift in Sources */,
				E9EA7B272AD1B522007C6951 /* YelowView.swift in Sources */,
				E9EA7B292AD1B534007C6951 /* RedView.swift in Sources */,
				E903940D2AD167D7007C16E0 /* ContentView.swift in Sources */,
				E903940B2AD167D7007C16E0 /* SwiftUiFirstTryApp.swift in Sources */,
			);
			runOnlyForDeploymentPostprocessing = 0;
		};
/* End PBXSourcesBuildPhase section */

/* Begin XCBuildConfiguration section */
		E90394132AD167D8007C16E0 /* Debug */ = {
			isa = XCBuildConfiguration;
			buildSettings = {
				ALWAYS_SEARCH_USER_PATHS = NO;
				CLANG_ANALYZER_NONNULL = YES;
				CLANG_ANALYZER_NUMBER_OBJECT_CONVERSION = YES_AGGRESSIVE;
				CLANG_CXX_LANGUAGE_STANDARD = "gnu++20";
				CLANG_ENABLE_MODULES = YES;
				CLANG_ENABLE_OBJC_ARC = YES;
				CLANG_ENABLE_OBJC_WEAK = YES;
				CLANG_WARN_BLOCK_CAPTURE_AUTORELEASING = YES;
				CLANG_WARN_BOOL_CONVERSION = YES;
				CLANG_WARN_COMMA = YES;
				CLANG_WARN_CONSTANT_CONVERSION = YES;
				CLANG_WARN_DEPRECATED_OBJC_IMPLEMENTATIONS = YES;
				CLANG_WARN_DIRECT_OBJC_ISA_USAGE = YES_ERROR;
				CLANG_WARN_DOCUMENTATION_COMMENTS = YES;
				CLANG_WARN_EMPTY_BODY = YES;
				CLANG_WARN_ENUM_CONVERSION = YES;
				CLANG_WARN_INFINITE_RECURSION = YES;
				CLANG_WARN_INT_CONVERSION = YES;
				CLANG_WARN_NON_LITERAL_NULL_CONVERSION = YES;
				CLANG_WARN_OBJC_IMPLICIT_RETAIN_SELF = YES;
				CLANG_WARN_OBJC_LITERAL_CONVERSION = YES;
				CLANG_WARN_OBJC_ROOT_CLASS = YES_ERROR;
				CLANG_WARN_QUOTED_INCLUDE_IN_FRAMEWORK_HEADER = YES;
				CLANG_WARN_RANGE_LOOP_ANALYSIS = YES;
				CLANG_WARN_STRICT_PROTOTYPES = YES;
				CLANG_WARN_SUSPICIOUS_MOVE = YES;
				CLANG_WARN_UNGUARDED_AVAILABILITY = YES_AGGRESSIVE;
				CLANG_WARN_UNREACHABLE_CODE = YES;
				CLANG_WARN__DUPLICATE_METHOD_MATCH = YES;
				COPY_PHASE_STRIP = NO;
				DEBUG_INFORMATION_FORMAT = dwarf;
				ENABLE_STRICT_OBJC_MSGSEND = YES;
				ENABLE_TESTABILITY = YES;
				GCC_C_LANGUAGE_STANDARD = gnu11;
				GCC_DYNAMIC_NO_PIC = NO;
				GCC_NO_COMMON_BLOCKS = YES;
				GCC_OPTIMIZATION_LEVEL = 0;
				GCC_PREPROCESSOR_DEFINITIONS = (
					"DEBUG=1",
					"$(inherited)",
				);
				GCC_WARN_64_TO_32_BIT_CONVERSION = YES;
				GCC_WARN_ABOUT_RETURN_TYPE = YES_ERROR;
				GCC_WARN_UNDECLARED_SELECTOR = YES;
				GCC_WARN_UNINITIALIZED_AUTOS = YES_AGGRESSIVE;
				GCC_WARN_UNUSED_FUNCTION = YES;
				GCC_WARN_UNUSED_VARIABLE = YES;
				IPHONEOS_DEPLOYMENT_TARGET = 16.4;
				MTL_ENABLE_DEBUG_INFO = INCLUDE_SOURCE;
				MTL_FAST_MATH = YES;
				ONLY_ACTIVE_ARCH = YES;
				SDKROOT = iphoneos;
				SWIFT_ACTIVE_COMPILATION_CONDITIONS = DEBUG;
				SWIFT_OPTIMIZATION_LEVEL = "-Onone";
			};
			name = Debug;
		};
		E90394142AD167D8007C16E0 /* Release */ = {
			isa = XCBuildConfiguration;
			buildSettings = {
				ALWAYS_SEARCH_USER_PATHS = NO;
				CLANG_ANALYZER_NONNULL = YES;
				CLANG_ANALYZER_NUMBER_OBJECT_CONVERSION = YES_AGGRESSIVE;
				CLANG_CXX_LANGUAGE_STANDARD = "gnu++20";
				CLANG_ENABLE_MODULES = YES;
				CLANG_ENABLE_OBJC_ARC = YES;
				CLANG_ENABLE_OBJC_WEAK = YES;
				CLANG_WARN_BLOCK_CAPTURE_AUTORELEASING = YES;
				CLANG_WARN_BOOL_CONVERSION = YES;
				CLANG_WARN_COMMA = YES;
				CLANG_WARN_CONSTANT_CONVERSION = YES;
				CLANG_WARN_DEPRECATED_OBJC_IMPLEMENTATIONS = YES;
				CLANG_WARN_DIRECT_OBJC_ISA_USAGE = YES_ERROR;
				CLANG_WARN_DOCUMENTATION_COMMENTS = YES;
				CLANG_WARN_EMPTY_BODY = YES;
				CLANG_WARN_ENUM_CONVERSION = YES;
				CLANG_WARN_INFINITE_RECURSION = YES;
				CLANG_WARN_INT_CONVERSION = YES;
				CLANG_WARN_NON_LITERAL_NULL_CONVERSION = YES;
				CLANG_WARN_OBJC_IMPLICIT_RETAIN_SELF = YES;
				CLANG_WARN_OBJC_LITERAL_CONVERSION = YES;
				CLANG_WARN_OBJC_ROOT_CLASS = YES_ERROR;
				CLANG_WARN_QUOTED_INCLUDE_IN_FRAMEWORK_HEADER = YES;
				CLANG_WARN_RANGE_LOOP_ANALYSIS = YES;
				CLANG_WARN_STRICT_PROTOTYPES = YES;
				CLANG_WARN_SUSPICIOUS_MOVE = YES;
				CLANG_WARN_UNGUARDED_AVAILABILITY = YES_AGGRESSIVE;
				CLANG_WARN_UNREACHABLE_CODE = YES;
				CLANG_WARN__DUPLICATE_METHOD_MATCH = YES;
				COPY_PHASE_STRIP = NO;
				DEBUG_INFORMATION_FORMAT = "dwarf-with-dsym";
				ENABLE_NS_ASSERTIONS = NO;
				ENABLE_STRICT_OBJC_MSGSEND = YES;
				GCC_C_LANGUAGE_STANDARD = gnu11;
				GCC_NO_COMMON_BLOCKS = YES;
				GCC_WARN_64_TO_32_BIT_CONVERSION = YES;
				GCC_WARN_ABOUT_RETURN_TYPE = YES_ERROR;
				GCC_WARN_UNDECLARED_SELECTOR = YES;
				GCC_WARN_UNINITIALIZED_AUTOS = YES_AGGRESSIVE;
				GCC_WARN_UNUSED_FUNCTION = YES;
				GCC_WARN_UNUSED_VARIABLE = YES;
				IPHONEOS_DEPLOYMENT_TARGET = 16.4;
				MTL_ENABLE_DEBUG_INFO = NO;
				MTL_FAST_MATH = YES;
				SDKROOT = iphoneos;
				SWIFT_COMPILATION_MODE = wholemodule;
				SWIFT_OPTIMIZATION_LEVEL = "-O";
				VALIDATE_PRODUCT = YES;
			};
			name = Release;
		};
		E90394162AD167D8007C16E0 /* Debug */ = {
			isa = XCBuildConfiguration;
			buildSettings = {
				ASSETCATALOG_COMPILER_APPICON_NAME = AppIcon;
				ASSETCATALOG_COMPILER_GLOBAL_ACCENT_COLOR_NAME = AccentColor;
				CODE_SIGN_STYLE = Automatic;
				CURRENT_PROJECT_VERSION = 1;
				DEVELOPMENT_ASSET_PATHS = "\"SwiftUiFirstTry/Preview Content\"";
				DEVELOPMENT_TEAM = Z4JT48W22P;
				ENABLE_PREVIEWS = YES;
				GENERATE_INFOPLIST_FILE = YES;
				INFOPLIST_KEY_UIApplicationSceneManifest_Generation = YES;
				INFOPLIST_KEY_UIApplicationSupportsIndirectInputEvents = YES;
				INFOPLIST_KEY_UILaunchScreen_Generation = YES;
				INFOPLIST_KEY_UISupportedInterfaceOrientations_iPad = "UIInterfaceOrientationPortrait UIInterfaceOrientationPortraitUpsideDown UIInterfaceOrientationLandscapeLeft UIInterfaceOrientationLandscapeRight";
				INFOPLIST_KEY_UISupportedInterfaceOrientations_iPhone = "UIInterfaceOrientationPortrait UIInterfaceOrientationLandscapeLeft UIInterfaceOrientationLandscapeRight";
				LD_RUNPATH_SEARCH_PATHS = (
					"$(inherited)",
					"@executable_path/Frameworks",
				);
				MARKETING_VERSION = 1.0;
				PRODUCT_BUNDLE_IDENTIFIER = TheGoodTheBadTheJun.SwiftUiFirstTry;
				PRODUCT_NAME = "$(TARGET_NAME)";
				SWIFT_EMIT_LOC_STRINGS = YES;
				SWIFT_VERSION = 5.0;
				TARGETED_DEVICE_FAMILY = "1,2";
			};
			name = Debug;
		};
		E90394172AD167D8007C16E0 /* Release */ = {
			isa = XCBuildConfiguration;
			buildSettings = {
				ASSETCATALOG_COMPILER_APPICON_NAME = AppIcon;
				ASSETCATALOG_COMPILER_GLOBAL_ACCENT_COLOR_NAME = AccentColor;
				CODE_SIGN_STYLE = Automatic;
				CURRENT_PROJECT_VERSION = 1;
				DEVELOPMENT_ASSET_PATHS = "\"SwiftUiFirstTry/Preview Content\"";
				DEVELOPMENT_TEAM = Z4JT48W22P;
				ENABLE_PREVIEWS = YES;
				GENERATE_INFOPLIST_FILE = YES;
				INFOPLIST_KEY_UIApplicationSceneManifest_Generation = YES;
				INFOPLIST_KEY_UIApplicationSupportsIndirectInputEvents = YES;
				INFOPLIST_KEY_UILaunchScreen_Generation = YES;
				INFOPLIST_KEY_UISupportedInterfaceOrientations_iPad = "UIInterfaceOrientationPortrait UIInterfaceOrientationPortraitUpsideDown UIInterfaceOrientationLandscapeLeft UIInterfaceOrientationLandscapeRight";
				INFOPLIST_KEY_UISupportedInterfaceOrientations_iPhone = "UIInterfaceOrientationPortrait UIInterfaceOrientationLandscapeLeft UIInterfaceOrientationLandscapeRight";
				LD_RUNPATH_SEARCH_PATHS = (
					"$(inherited)",
					"@executable_path/Frameworks",
				);
				MARKETING_VERSION = 1.0;
				PRODUCT_BUNDLE_IDENTIFIER = TheGoodTheBadTheJun.SwiftUiFirstTry;
				PRODUCT_NAME = "$(TARGET_NAME)";
				SWIFT_EMIT_LOC_STRINGS = YES;
				SWIFT_VERSION = 5.0;
				TARGETED_DEVICE_FAMILY = "1,2";
			};
			name = Release;
		};
/* End XCBuildConfiguration section */

/* Begin XCConfigurationList section */
		E90394022AD167D6007C16E0 /* Build configuration list for PBXProject "SwiftUiFirstTry" */ = {
			isa = XCConfigurationList;
			buildConfigurations = (
				E90394132AD167D8007C16E0 /* Debug */,
				E90394142AD167D8007C16E0 /* Release */,
			);
			defaultConfigurationIsVisible = 0;
			defaultConfigurationName = Release;
		};
		E90394152AD167D8007C16E0 /* Build configuration list for PBXNativeTarget "SwiftUiFirstTry" */ = {
			isa = XCConfigurationList;
			buildConfigurations = (
				E90394162AD167D8007C16E0 /* Debug */,
				E90394172AD167D8007C16E0 /* Release */,
			);
			defaultConfigurationIsVisible = 0;
			defaultConfigurationName = Release;
		};
/* End XCConfigurationList section */
	};
	rootObject = E90393FF2AD167D6007C16E0 /* Project object */;
}
